github.com/jordinebot/hugo-manaforge v0.0.0-20260509140218-1939615b0095 h1:8qCeUes5PIOCs1YsIa6LvWZh4rKT9SrIDa0+Q7HlG48=
github.com/jordinebot/hugo-manaforge v0.0.0-20260509140218-1939615b0095/go.mod h1:jnVuRoKl8CvmbjM9Z0plJU/m2dpAe+SVzF7sS+ckj7U=
github.com/jordinebot/hugo-manaforge v0.0.0-20260509144000-24af82c3c22a h1:BCUtHy4QC2FcgFNjlx2RjXP/vvqU2f5uMWb+hTagvmU=
github.com/jordinebot/hugo-manaforge v0.0.0-20260509144000-24af82c3c22a/go.mod h1:jnVuRoKl8CvmbjM9Z0plJU/m2dpAe+SVzF7sS+ckj7U=
