github.com/jordinebot/hugo-leyline v0.0.0-20260512050648-324ce84c73ba h1:X1uTJ3iwrqhqlembVugQ8KEk0fdrCVyzWliq247J4cE=
github.com/jordinebot/hugo-leyline v0.0.0-20260512050648-324ce84c73ba/go.mod h1:754EZ/E9O9ERAT5eXwVMIboSydZLKc+rb64XSv6QYcg=
github.com/jordinebot/hugo-mtg-shortcodes v0.0.0-20260511202804-f09a4231e4d6 h1:ssG0SMkTdhypxUW9tNvy1vHE46pPlVGrhZ/gasd1BHg=
github.com/jordinebot/hugo-mtg-shortcodes v0.0.0-20260511202804-f09a4231e4d6/go.mod h1:S7/H4mcsv3kTDqC/uooGv0mvct9pkP/ItA9gyPIhPls=
